<?xml version="1.0" encoding="utf-8"?>
<Project ToolsVersion="4.0" xmlns="http://schemas.microsoft.com/developer/msbuild/2003">
  <ItemGroup>
    <ClInclude Include="Global.h" />
    <ClInclude Include="Base\Base.h">
      <Filter>Base</Filter>
    </ClInclude>
    <ClInclude Include="Game\Player.h">
      <Filter>Game</Filter>
    </ClInclude>
    <ClInclude Include="Game\Field.h">
      <Filter>Game\Field</Filter>
    </ClInclude>
    <ClInclude Include="Title\Title.h">
      <Filter>Title</Filter>
    </ClInclude>
    <ClInclude Include="Game\Game.h">
      <Filter>Game</Filter>
    </ClInclude>
    <ClInclude Include="Game\Goal.h">
      <Filter>Game</Filter>
    </ClInclude>
    <ClInclude Include="Game\Needle.h">
      <Filter>Game</Filter>
    </ClInclude>
    <ClInclude Include="Game\UI.h">
      <Filter>Game</Filter>
    </ClInclude>
    <ClInclude Include="Game\GameData.h">
      <Filter>Game</Filter>
    </ClInclude>
    <ClInclude Include="Game\Bullet.h">
      <Filter>Game</Filter>
    </ClInclude>
  </ItemGroup>
  <ItemGroup>
    <ClCompile Include="main.cpp" />
    <ClCompile Include="Base\Base.cpp">
      <Filter>Base</Filter>
    </ClCompile>
    <ClCompile Include="Game\Player.cpp">
      <Filter>Game</Filter>
    </ClCompile>
    <ClCompile Include="Game\Field.cpp">
      <Filter>Game\Field</Filter>
    </ClCompile>
    <ClCompile Include="Title\Title.cpp">
      <Filter>Title</Filter>
    </ClCompile>
    <ClCompile Include="Game\Game.cpp">
      <Filter>Game</Filter>
    </ClCompile>
    <ClCompile Include="Game\Goal.cpp">
      <Filter>Game</Filter>
    </ClCompile>
    <ClCompile Include="Game\Needle.cpp">
      <Filter>Game</Filter>
    </ClCompile>
    <ClCompile Include="Game\UI.cpp">
      <Filter>Game</Filter>
    </ClCompile>
    <ClCompile Include="Game\GameData.cpp">
      <Filter>Game</Filter>
    </ClCompile>
    <ClCompile Include="Game\Bullet.cpp">
      <Filter>Game</Filter>
    </ClCompile>
  </ItemGroup>
  <ItemGroup>
    <Filter Include="Base">
      <UniqueIdentifier>{7e4d9da9-5c95-4825-a546-255408456531}</UniqueIdentifier>
    </Filter>
    <Filter Include="Game">
      <UniqueIdentifier>{e7b02635-49e7-4ea7-8548-353c5f94c61d}</UniqueIdentifier>
    </Filter>
    <Filter Include="Game\Field">
      <UniqueIdentifier>{7e370350-5830-4f32-8061-5a5086525294}</UniqueIdentifier>
    </Filter>
    <Filter Include="Title">
      <UniqueIdentifier>{82c3579c-7203-4815-88b5-aefed92c4c69}</UniqueIdentifier>
    </Filter>
  </ItemGroup>
</Project>